PODS:
  - DetoxIPC (0.0.1)
  - GCDWebServer (3.3.4):
    - GCDWebServer/Core (= 3.3.4)
  - GCDWebServer/Core (3.3.4)
  - SBTUITestTunnelClient/Connectionless (6.0.0):
    - SBTUITestTunnelCommon
    - SBTUITestTunnelServer
  - SBTUITestTunnelCommon (6.0.0)
  - SBTUITestTunnelServer (6.0.0):
    - DetoxIPC
    - GCDWebServer (~> 3.0)
    - SBTUITestTunnelCommon

DEPENDENCIES:
  - DetoxIPC (from `../../DetoxIPC`)
  - GCDWebServer (from `https://github.com/tcamin/GCDWebServer.git`)
  - SBTUITestTunnelClient/Connectionless (from `../`)
  - SBTUITestTunnelCommon (from `../`)
  - SBTUITestTunnelServer (from `../`)

EXTERNAL SOURCES:
  DetoxIPC:
    :path: "../../DetoxIPC"
  GCDWebServer:
    :git: https://github.com/tcamin/GCDWebServer.git
  SBTUITestTunnelClient:
    :path: "../"
  SBTUITestTunnelCommon:
    :path: "../"
  SBTUITestTunnelServer:
    :path: "../"

CHECKOUT OPTIONS:
  GCDWebServer:
    :commit: b6cfccde8fee64007632422096962687d5627e85
    :git: https://github.com/tcamin/GCDWebServer.git

SPEC CHECKSUMS:
  DetoxIPC: 628ff6447f8591d36fd909c27b5db3125fa05920
  GCDWebServer: 0bd712acb4f246ce04d2ac321d33278fb1f72e63
  SBTUITestTunnelClient: b0ae108bee64e53bc3ec5f450111c233a961a88d
  SBTUITestTunnelCommon: 02416cbbaceab9696e5d2bc89823a423aa00d8b3
  SBTUITestTunnelServer: a4d93fe18f2e96e7e43634137ac28db14b824682

PODFILE CHECKSUM: 135589fdcae97ab5e18e4d52892a26e530a0cf09

COCOAPODS: 1.8.4
